// !$*UTF8*$!
{
	archiveVersion = 1;
	classes = {
	};
	objectVersion = 56;
	objects = {

/* Begin PBXBuildFile section */
		1503F92329B45560002F3D26 /* CookcodeApp.swift in Sources */ = {isa = PBXBuildFile; fileRef = 1503F92229B45560002F3D26 /* CookcodeApp.swift */; };
		1503F92529B45560002F3D26 /* ContentView.swift in Sources */ = {isa = PBXBuildFile; fileRef = 1503F92429B45560002F3D26 /* ContentView.swift */; };
		1503F92729B45561002F3D26 /* Assets.xcassets in Resources */ = {isa = PBXBuildFile; fileRef = 1503F92629B45561002F3D26 /* Assets.xcassets */; };
		1503F92A29B45561002F3D26 /* Preview Assets.xcassets in Resources */ = {isa = PBXBuildFile; fileRef = 1503F92929B45561002F3D26 /* Preview Assets.xcassets */; };
		1503F93429B45561002F3D26 /* CookcodeTests.swift in Sources */ = {isa = PBXBuildFile; fileRef = 1503F93329B45561002F3D26 /* CookcodeTests.swift */; };
		1503F93E29B45561002F3D26 /* CookcodeUITests.swift in Sources */ = {isa = PBXBuildFile; fileRef = 1503F93D29B45561002F3D26 /* CookcodeUITests.swift */; };
		1503F94029B45561002F3D26 /* CookcodeUITestsLaunchTests.swift in Sources */ = {isa = PBXBuildFile; fileRef = 1503F93F29B45561002F3D26 /* CookcodeUITestsLaunchTests.swift */; };
		1503F94D29B4557A002F3D26 /* LoginViewModel_Tests.swift in Sources */ = {isa = PBXBuildFile; fileRef = 1503F94C29B4557A002F3D26 /* LoginViewModel_Tests.swift */; };
		1503F94F29B456CE002F3D26 /* LoginView_UITests.swift in Sources */ = {isa = PBXBuildFile; fileRef = 1503F94E29B456CE002F3D26 /* LoginView_UITests.swift */; };
		1503F95529B459DD002F3D26 /* LoginViewModel.swift in Sources */ = {isa = PBXBuildFile; fileRef = 1503F95429B459DD002F3D26 /* LoginViewModel.swift */; };
		150CD44329F397830001FFEB /* ContentType.swift in Sources */ = {isa = PBXBuildFile; fileRef = 150CD44229F397830001FFEB /* ContentType.swift */; };
		150CD44629F628CC0001FFEB /* String + Extension.swift in Sources */ = {isa = PBXBuildFile; fileRef = 150CD44529F628CC0001FFEB /* String + Extension.swift */; };
		152389D429F69AD60090CA9B /* RecipeEntranceView.swift in Sources */ = {isa = PBXBuildFile; fileRef = 152389D329F69AD60090CA9B /* RecipeEntranceView.swift */; };
		153B4D8D29ED061E00543730 /* Color + Extension.swift in Sources */ = {isa = PBXBuildFile; fileRef = 153B4D8C29ED061E00543730 /* Color + Extension.swift */; };
		153B4DA829ED097500543730 /* CustomFontFactory.swift in Sources */ = {isa = PBXBuildFile; fileRef = 153B4DA729ED097500543730 /* CustomFontFactory.swift */; };
		153B4DAB29ED0FF000543730 /* RoundedRectangleModifier.swift in Sources */ = {isa = PBXBuildFile; fileRef = 153B4DAA29ED0FF000543730 /* RoundedRectangleModifier.swift */; };
		153B4DAD29ED179200543730 /* SignInForm.swift in Sources */ = {isa = PBXBuildFile; fileRef = 153B4DAC29ED179200543730 /* SignInForm.swift */; };
		153B4DAF29ED1AB400543730 /* MembershipForm.swift in Sources */ = {isa = PBXBuildFile; fileRef = 153B4DAE29ED1AB400543730 /* MembershipForm.swift */; };
		153B4DB129ED1B1300543730 /* MembershipViewModel.swift in Sources */ = {isa = PBXBuildFile; fileRef = 153B4DB029ED1B1300543730 /* MembershipViewModel.swift */; };
		153B4DB329ED286300543730 /* View + Hidden.swift in Sources */ = {isa = PBXBuildFile; fileRef = 153B4DB229ED286300543730 /* View + Hidden.swift */; };
		153B4DB529ED2B5600543730 /* Tab.swift in Sources */ = {isa = PBXBuildFile; fileRef = 153B4DB429ED2B5600543730 /* Tab.swift */; };
		153B4DB929ED58B900543730 /* MembershipForm_Tests.swift in Sources */ = {isa = PBXBuildFile; fileRef = 153B4DB829ED58B900543730 /* MembershipForm_Tests.swift */; };
		153B4DBD29ED599C00543730 /* Character + Extension.swift in Sources */ = {isa = PBXBuildFile; fileRef = 153B4DBC29ED599C00543730 /* Character + Extension.swift */; };
		153F127329FE18F9008BDB4E /* HomePath.swift in Sources */ = {isa = PBXBuildFile; fileRef = 153F127229FE18F9008BDB4E /* HomePath.swift */; };
		153F127529FE1B8A008BDB4E /* SearchRecipeView.swift in Sources */ = {isa = PBXBuildFile; fileRef = 153F127429FE1B8A008BDB4E /* SearchRecipeView.swift */; };
		153F127829FE2274008BDB4E /* ImageContent.swift in Sources */ = {isa = PBXBuildFile; fileRef = 153F127729FE2274008BDB4E /* ImageContent.swift */; };
		153F127A29FE22EB008BDB4E /* VideoContent .swift in Sources */ = {isa = PBXBuildFile; fileRef = 153F127929FE22EB008BDB4E /* VideoContent .swift */; };
		153F127C29FE2359008BDB4E /* RecipeStep.swift in Sources */ = {isa = PBXBuildFile; fileRef = 153F127B29FE2359008BDB4E /* RecipeStep.swift */; };
		153F127E29FE23B3008BDB4E /* RecipeCell.swift in Sources */ = {isa = PBXBuildFile; fileRef = 153F127D29FE23B3008BDB4E /* RecipeCell.swift */; };
		153F128029FE2415008BDB4E /* User.swift in Sources */ = {isa = PBXBuildFile; fileRef = 153F127F29FE2415008BDB4E /* User.swift */; };
		153F128229FE25AD008BDB4E /* RecipeCellSearch.swift in Sources */ = {isa = PBXBuildFile; fileRef = 153F128129FE25AD008BDB4E /* RecipeCellSearch.swift */; };
		153F128429FE25D9008BDB4E /* RecipeCellSearchResponse.swift in Sources */ = {isa = PBXBuildFile; fileRef = 153F128329FE25D9008BDB4E /* RecipeCellSearchResponse.swift */; };
		153F128829FE261F008BDB4E /* RecipeServiceProtocol.swift in Sources */ = {isa = PBXBuildFile; fileRef = 153F128729FE261F008BDB4E /* RecipeServiceProtocol.swift */; };
		153F128A29FE269A008BDB4E /* RecipeSuccessService.swift in Sources */ = {isa = PBXBuildFile; fileRef = 153F128929FE269A008BDB4E /* RecipeSuccessService.swift */; };
		153F128C29FE28D3008BDB4E /* RecipeFailureService.swift in Sources */ = {isa = PBXBuildFile; fileRef = 153F128B29FE28D3008BDB4E /* RecipeFailureService.swift */; };
		153F128E29FE2B37008BDB4E /* SearchRecipeViewModel.swift in Sources */ = {isa = PBXBuildFile; fileRef = 153F128D29FE2B37008BDB4E /* SearchRecipeViewModel.swift */; };
		1566059029F914ED008B9F9F /* ContentWrappedStepForm_Tests.swift in Sources */ = {isa = PBXBuildFile; fileRef = 1566058F29F914ED008B9F9F /* ContentWrappedStepForm_Tests.swift */; };
		1566059229F93740008B9F9F /* HomeViewModel.swift in Sources */ = {isa = PBXBuildFile; fileRef = 1566059129F93740008B9F9F /* HomeViewModel.swift */; };
		1566059429F937A3008B9F9F /* View + offset.swift in Sources */ = {isa = PBXBuildFile; fileRef = 1566059329F937A3008B9F9F /* View + offset.swift */; };
		1584033329B48E0F0092032A /* LoginView.swift in Sources */ = {isa = PBXBuildFile; fileRef = 1584033229B48E0F0092032A /* LoginView.swift */; };
		1584033529B48EAA0092032A /* MembershipView.swift in Sources */ = {isa = PBXBuildFile; fileRef = 1584033429B48EAA0092032A /* MembershipView.swift */; };
		1593D94229F689D1008AF49E /* RecipePreviewView.swift in Sources */ = {isa = PBXBuildFile; fileRef = 1593D94129F689D1008AF49E /* RecipePreviewView.swift */; };
		159BE2A729FB6C1E00DE7448 /* ErrorAlert.swift in Sources */ = {isa = PBXBuildFile; fileRef = 159BE2A629FB6C1E00DE7448 /* ErrorAlert.swift */; };
		159BE2A929FB6E7900DE7448 /* AccountFailureService.swift in Sources */ = {isa = PBXBuildFile; fileRef = 159BE2A829FB6E7900DE7448 /* AccountFailureService.swift */; };
		159BE2AC29FB810200DE7448 /* Introspect in Frameworks */ = {isa = PBXBuildFile; productRef = 159BE2AB29FB810200DE7448 /* Introspect */; };
		159BE2AF29FB875F00DE7448 /* RecipeCellView.swift in Sources */ = {isa = PBXBuildFile; fileRef = 159BE2AE29FB875F00DE7448 /* RecipeCellView.swift */; };
		159BE2B229FB87CD00DE7448 /* Kingfisher in Frameworks */ = {isa = PBXBuildFile; productRef = 159BE2B129FB87CD00DE7448 /* Kingfisher */; };
		159BE2B429FB8DB300DE7448 /* OuterPath.swift in Sources */ = {isa = PBXBuildFile; fileRef = 159BE2B329FB8DB300DE7448 /* OuterPath.swift */; };
		159FA86C29F8BD3E00ECB9E7 /* RecipeFormViewModel_Tests.swift in Sources */ = {isa = PBXBuildFile; fileRef = 159FA86B29F8BD3E00ECB9E7 /* RecipeFormViewModel_Tests.swift */; };
		159FA86E29F8C9B800ECB9E7 /* StepPreviewView.swift in Sources */ = {isa = PBXBuildFile; fileRef = 159FA86D29F8C9B800ECB9E7 /* StepPreviewView.swift */; };
		15AA2F2029EFE47C0069813F /* RecipeFormView.swift in Sources */ = {isa = PBXBuildFile; fileRef = 15AA2F1F29EFE47C0069813F /* RecipeFormView.swift */; };
		15AA2F2229EFE8DE0069813F /* RecipeForm.swift in Sources */ = {isa = PBXBuildFile; fileRef = 15AA2F2129EFE8DE0069813F /* RecipeForm.swift */; };
		15AA2F2429EFEA250069813F /* RecipeFormViewModel.swift in Sources */ = {isa = PBXBuildFile; fileRef = 15AA2F2329EFEA250069813F /* RecipeFormViewModel.swift */; };
		15AA2F2829EFEBE00069813F /* CCDivider.swift in Sources */ = {isa = PBXBuildFile; fileRef = 15AA2F2729EFEBE00069813F /* CCDivider.swift */; };
		15AA2F3329EFF5720069813F /* Inter-Bold.ttf in Resources */ = {isa = PBXBuildFile; fileRef = 15AA2F2A29EFF5710069813F /* Inter-Bold.ttf */; };
		15AA2F3429EFF5720069813F /* Inter-Black.ttf in Resources */ = {isa = PBXBuildFile; fileRef = 15AA2F2B29EFF5710069813F /* Inter-Black.ttf */; };
		15AA2F3529EFF5720069813F /* Inter-Light.ttf in Resources */ = {isa = PBXBuildFile; fileRef = 15AA2F2C29EFF5710069813F /* Inter-Light.ttf */; };
		15AA2F3629EFF5720069813F /* Inter-ExtraLight.ttf in Resources */ = {isa = PBXBuildFile; fileRef = 15AA2F2D29EFF5710069813F /* Inter-ExtraLight.ttf */; };
		15AA2F3729EFF5720069813F /* Inter-Medium.ttf in Resources */ = {isa = PBXBuildFile; fileRef = 15AA2F2E29EFF5710069813F /* Inter-Medium.ttf */; };
		15AA2F3829EFF5720069813F /* Inter-Regular.ttf in Resources */ = {isa = PBXBuildFile; fileRef = 15AA2F2F29EFF5720069813F /* Inter-Regular.ttf */; };
		15AA2F3929EFF5720069813F /* Inter-SemiBold.ttf in Resources */ = {isa = PBXBuildFile; fileRef = 15AA2F3029EFF5720069813F /* Inter-SemiBold.ttf */; };
		15AA2F3A29EFF5720069813F /* Inter-Thin.ttf in Resources */ = {isa = PBXBuildFile; fileRef = 15AA2F3129EFF5720069813F /* Inter-Thin.ttf */; };
		15AA2F4029F0C9110069813F /* StepForm.swift in Sources */ = {isa = PBXBuildFile; fileRef = 15AA2F3F29F0C9110069813F /* StepForm.swift */; };
		15AA2F4B29F0D80E0069813F /* RecipePath.swift in Sources */ = {isa = PBXBuildFile; fileRef = 15AA2F4A29F0D80D0069813F /* RecipePath.swift */; };
		15AA2F4D29F0D9400069813F /* StepFormView.swift in Sources */ = {isa = PBXBuildFile; fileRef = 15AA2F4C29F0D9400069813F /* StepFormView.swift */; };
		15AA2F8829F102720069813F /* VideURL.swift in Sources */ = {isa = PBXBuildFile; fileRef = 15AA2F8729F102720069813F /* VideURL.swift */; };
		15AA2F8A29F10CA90069813F /* ContentWrappedStepForm.swift in Sources */ = {isa = PBXBuildFile; fileRef = 15AA2F8929F10CA90069813F /* ContentWrappedStepForm.swift */; };
		15B869B229EFD9B900A02872 /* MainTabView.swift in Sources */ = {isa = PBXBuildFile; fileRef = 15B869B129EFD9B900A02872 /* MainTabView.swift */; };
		15B869B429EFDA9D00A02872 /* NavigateViewModel.swift in Sources */ = {isa = PBXBuildFile; fileRef = 15B869B329EFDA9D00A02872 /* NavigateViewModel.swift */; };
		15B869B929EFDC3600A02872 /* HomeView.swift in Sources */ = {isa = PBXBuildFile; fileRef = 15B869B829EFDC3600A02872 /* HomeView.swift */; };
		15B869BB29EFDC4600A02872 /* CookieView.swift in Sources */ = {isa = PBXBuildFile; fileRef = 15B869BA29EFDC4600A02872 /* CookieView.swift */; };
		15B869BD29EFDC5000A02872 /* RefrigeratorView.swift in Sources */ = {isa = PBXBuildFile; fileRef = 15B869BC29EFDC5000A02872 /* RefrigeratorView.swift */; };
		15CFE66229FF56C700C16FF6 /* ContentServiceProtocol.swift in Sources */ = {isa = PBXBuildFile; fileRef = 15CFE66129FF56C700C16FF6 /* ContentServiceProtocol.swift */; };
		15CFE66429FF587D00C16FF6 /* PhotoResponse.swift in Sources */ = {isa = PBXBuildFile; fileRef = 15CFE66329FF587D00C16FF6 /* PhotoResponse.swift */; };
		15CFE66629FF590000C16FF6 /* VideoResponse.swift in Sources */ = {isa = PBXBuildFile; fileRef = 15CFE66529FF590000C16FF6 /* VideoResponse.swift */; };
		15CFE66829FF593300C16FF6 /* ContentSuccessService.swift in Sources */ = {isa = PBXBuildFile; fileRef = 15CFE66729FF593300C16FF6 /* ContentSuccessService.swift */; };
		15CFE6A329FF5F0600C16FF6 /* ContentFailureService.swift in Sources */ = {isa = PBXBuildFile; fileRef = 15CFE6A229FF5F0600C16FF6 /* ContentFailureService.swift */; };
		15CFE6A529FF69C800C16FF6 /* RecipeFormTests.swift in Sources */ = {isa = PBXBuildFile; fileRef = 15CFE6A429FF69C800C16FF6 /* RecipeFormTests.swift */; };
		15CFE6A829FF7B8500C16FF6 /* ProfileView.swift in Sources */ = {isa = PBXBuildFile; fileRef = 15CFE6A729FF7B8500C16FF6 /* ProfileView.swift */; };
		15CFE6AA29FF7EAA00C16FF6 /* SearchType.swift in Sources */ = {isa = PBXBuildFile; fileRef = 15CFE6A929FF7EAA00C16FF6 /* SearchType.swift */; };
		15CFE6AC29FF7F9100C16FF6 /* SearchTypePicker.swift in Sources */ = {isa = PBXBuildFile; fileRef = 15CFE6AB29FF7F9100C16FF6 /* SearchTypePicker.swift */; };
		15DAE25829FE3CCA00A4B00A /* ObservedOptionalObject in Frameworks */ = {isa = PBXBuildFile; productRef = 15DAE25729FE3CCA00A4B00A /* ObservedOptionalObject */; };
		15DAE25A29FE3F9D00A4B00A /* RecipeViewModel.swift in Sources */ = {isa = PBXBuildFile; fileRef = 15DAE25929FE3F9D00A4B00A /* RecipeViewModel.swift */; };
		15E43A9C29FA94A40008DC7A /* AccountService.swift in Sources */ = {isa = PBXBuildFile; fileRef = 15E43A9B29FA94A40008DC7A /* AccountService.swift */; };
		15E43A9E29FA94DF0008DC7A /* AccountSuccessService.swift in Sources */ = {isa = PBXBuildFile; fileRef = 15E43A9D29FA94DF0008DC7A /* AccountSuccessService.swift */; };
		15F82A6729FA8D3300DA9381 /* AccountServiceProtocol.swift in Sources */ = {isa = PBXBuildFile; fileRef = 15F82A6629FA8D3300DA9381 /* AccountServiceProtocol.swift */; };
		15F82A6A29FA8D5F00DA9381 /* Alamofire in Frameworks */ = {isa = PBXBuildFile; productRef = 15F82A6929FA8D5F00DA9381 /* Alamofire */; };
		15F82A6D29FA901500DA9381 /* AccoutCheckResponse.swift in Sources */ = {isa = PBXBuildFile; fileRef = 15F82A6C29FA901500DA9381 /* AccoutCheckResponse.swift */; };
		15F82A6F29FA91CC00DA9381 /* ServiceError.swift in Sources */ = {isa = PBXBuildFile; fileRef = 15F82A6E29FA91CC00DA9381 /* ServiceError.swift */; };
		15F82A7129FA920100DA9381 /* SignUpResponse.swift in Sources */ = {isa = PBXBuildFile; fileRef = 15F82A7029FA920100DA9381 /* SignUpResponse.swift */; };
		15F82A7329FA92D500DA9381 /* SignInResponse.swift in Sources */ = {isa = PBXBuildFile; fileRef = 15F82A7229FA92D500DA9381 /* SignInResponse.swift */; };
		15F82A7529FA93E500DA9381 /* UserAccountResponse.swift in Sources */ = {isa = PBXBuildFile; fileRef = 15F82A7429FA93E500DA9381 /* UserAccountResponse.swift */; };
/* End PBXBuildFile section */

/* Begin PBXContainerItemProxy section */
		1503F93029B45561002F3D26 /* PBXContainerItemProxy */ = {
			isa = PBXContainerItemProxy;
			containerPortal = 1503F91729B45560002F3D26 /* Project object */;
			proxyType = 1;
			remoteGlobalIDString = 1503F91E29B45560002F3D26;
			remoteInfo = Cookcode;
		};
		1503F93A29B45561002F3D26 /* PBXContainerItemProxy */ = {
			isa = PBXContainerItemProxy;
			containerPortal = 1503F91729B45560002F3D26 /* Project object */;
			proxyType = 1;
			remoteGlobalIDString = 1503F91E29B45560002F3D26;
			remoteInfo = Cookcode;
		};
/* End PBXContainerItemProxy section */

/* Begin PBXFileReference section */
		1503F91F29B45560002F3D26 /* Cookcode.app */ = {isa = PBXFileReference; explicitFileType = wrapper.application; includeInIndex = 0; path = Cookcode.app; sourceTree = BUILT_PRODUCTS_DIR; };
		1503F92229B45560002F3D26 /* CookcodeApp.swift */ = {isa = PBXFileReference; lastKnownFileType = sourcecode.swift; path = CookcodeApp.swift; sourceTree = "<group>"; };
		1503F92429B45560002F3D26 /* ContentView.swift */ = {isa = PBXFileReference; lastKnownFileType = sourcecode.swift; path = ContentView.swift; sourceTree = "<group>"; };
		1503F92629B45561002F3D26 /* Assets.xcassets */ = {isa = PBXFileReference; lastKnownFileType = folder.assetcatalog; path = Assets.xcassets; sourceTree = "<group>"; };
		1503F92929B45561002F3D26 /* Preview Assets.xcassets */ = {isa = PBXFileReference; lastKnownFileType = folder.assetcatalog; path = "Preview Assets.xcassets"; sourceTree = "<group>"; };
		1503F92F29B45561002F3D26 /* CookcodeTests.xctest */ = {isa = PBXFileReference; explicitFileType = wrapper.cfbundle; includeInIndex = 0; path = CookcodeTests.xctest; sourceTree = BUILT_PRODUCTS_DIR; };
		1503F93329B45561002F3D26 /* CookcodeTests.swift */ = {isa = PBXFileReference; lastKnownFileType = sourcecode.swift; path = CookcodeTests.swift; sourceTree = "<group>"; };
		1503F93929B45561002F3D26 /* CookcodeUITests.xctest */ = {isa = PBXFileReference; explicitFileType = wrapper.cfbundle; includeInIndex = 0; path = CookcodeUITests.xctest; sourceTree = BUILT_PRODUCTS_DIR; };
		1503F93D29B45561002F3D26 /* CookcodeUITests.swift */ = {isa = PBXFileReference; lastKnownFileType = sourcecode.swift; path = CookcodeUITests.swift; sourceTree = "<group>"; };
		1503F93F29B45561002F3D26 /* CookcodeUITestsLaunchTests.swift */ = {isa = PBXFileReference; lastKnownFileType = sourcecode.swift; path = CookcodeUITestsLaunchTests.swift; sourceTree = "<group>"; };
		1503F94C29B4557A002F3D26 /* LoginViewModel_Tests.swift */ = {isa = PBXFileReference; lastKnownFileType = sourcecode.swift; path = LoginViewModel_Tests.swift; sourceTree = "<group>"; };
		1503F94E29B456CE002F3D26 /* LoginView_UITests.swift */ = {isa = PBXFileReference; lastKnownFileType = sourcecode.swift; path = LoginView_UITests.swift; sourceTree = "<group>"; };
		1503F95429B459DD002F3D26 /* LoginViewModel.swift */ = {isa = PBXFileReference; lastKnownFileType = sourcecode.swift; path = LoginViewModel.swift; sourceTree = "<group>"; };
		150CD44229F397830001FFEB /* ContentType.swift */ = {isa = PBXFileReference; lastKnownFileType = sourcecode.swift; path = ContentType.swift; sourceTree = "<group>"; };
		150CD44529F628CC0001FFEB /* String + Extension.swift */ = {isa = PBXFileReference; lastKnownFileType = sourcecode.swift; path = "String + Extension.swift"; sourceTree = "<group>"; };
		152389D329F69AD60090CA9B /* RecipeEntranceView.swift */ = {isa = PBXFileReference; lastKnownFileType = sourcecode.swift; path = RecipeEntranceView.swift; sourceTree = "<group>"; };
		153B4D8C29ED061E00543730 /* Color + Extension.swift */ = {isa = PBXFileReference; lastKnownFileType = sourcecode.swift; path = "Color + Extension.swift"; sourceTree = "<group>"; };
		153B4DA429ED085E00543730 /* Info.plist */ = {isa = PBXFileReference; lastKnownFileType = text.plist; path = Info.plist; sourceTree = "<group>"; };
		153B4DA729ED097500543730 /* CustomFontFactory.swift */ = {isa = PBXFileReference; lastKnownFileType = sourcecode.swift; path = CustomFontFactory.swift; sourceTree = "<group>"; };
		153B4DAA29ED0FF000543730 /* RoundedRectangleModifier.swift */ = {isa = PBXFileReference; lastKnownFileType = sourcecode.swift; path = RoundedRectangleModifier.swift; sourceTree = "<group>"; };
		153B4DAC29ED179200543730 /* SignInForm.swift */ = {isa = PBXFileReference; lastKnownFileType = sourcecode.swift; path = SignInForm.swift; sourceTree = "<group>"; };
		153B4DAE29ED1AB400543730 /* MembershipForm.swift */ = {isa = PBXFileReference; lastKnownFileType = sourcecode.swift; path = MembershipForm.swift; sourceTree = "<group>"; };
		153B4DB029ED1B1300543730 /* MembershipViewModel.swift */ = {isa = PBXFileReference; lastKnownFileType = sourcecode.swift; path = MembershipViewModel.swift; sourceTree = "<group>"; };
		153B4DB229ED286300543730 /* View + Hidden.swift */ = {isa = PBXFileReference; lastKnownFileType = sourcecode.swift; path = "View + Hidden.swift"; sourceTree = "<group>"; };
		153B4DB429ED2B5600543730 /* Tab.swift */ = {isa = PBXFileReference; lastKnownFileType = sourcecode.swift; path = Tab.swift; sourceTree = "<group>"; };
		153B4DB829ED58B900543730 /* MembershipForm_Tests.swift */ = {isa = PBXFileReference; lastKnownFileType = sourcecode.swift; path = MembershipForm_Tests.swift; sourceTree = "<group>"; };
		153B4DBC29ED599C00543730 /* Character + Extension.swift */ = {isa = PBXFileReference; lastKnownFileType = sourcecode.swift; path = "Character + Extension.swift"; sourceTree = "<group>"; };
		153F127229FE18F9008BDB4E /* HomePath.swift */ = {isa = PBXFileReference; lastKnownFileType = sourcecode.swift; path = HomePath.swift; sourceTree = "<group>"; };
		153F127429FE1B8A008BDB4E /* SearchRecipeView.swift */ = {isa = PBXFileReference; lastKnownFileType = sourcecode.swift; path = SearchRecipeView.swift; sourceTree = "<group>"; };
		153F127729FE2274008BDB4E /* ImageContent.swift */ = {isa = PBXFileReference; lastKnownFileType = sourcecode.swift; path = ImageContent.swift; sourceTree = "<group>"; };
		153F127929FE22EB008BDB4E /* VideoContent .swift */ = {isa = PBXFileReference; lastKnownFileType = sourcecode.swift; path = "VideoContent .swift"; sourceTree = "<group>"; };
		153F127B29FE2359008BDB4E /* RecipeStep.swift */ = {isa = PBXFileReference; lastKnownFileType = sourcecode.swift; path = RecipeStep.swift; sourceTree = "<group>"; };
		153F127D29FE23B3008BDB4E /* RecipeCell.swift */ = {isa = PBXFileReference; lastKnownFileType = sourcecode.swift; path = RecipeCell.swift; sourceTree = "<group>"; };
		153F127F29FE2415008BDB4E /* User.swift */ = {isa = PBXFileReference; lastKnownFileType = sourcecode.swift; path = User.swift; sourceTree = "<group>"; };
		153F128129FE25AD008BDB4E /* RecipeCellSearch.swift */ = {isa = PBXFileReference; lastKnownFileType = sourcecode.swift; path = RecipeCellSearch.swift; sourceTree = "<group>"; };
		153F128329FE25D9008BDB4E /* RecipeCellSearchResponse.swift */ = {isa = PBXFileReference; lastKnownFileType = sourcecode.swift; path = RecipeCellSearchResponse.swift; sourceTree = "<group>"; };
		153F128729FE261F008BDB4E /* RecipeServiceProtocol.swift */ = {isa = PBXFileReference; lastKnownFileType = sourcecode.swift; path = RecipeServiceProtocol.swift; sourceTree = "<group>"; };
		153F128929FE269A008BDB4E /* RecipeSuccessService.swift */ = {isa = PBXFileReference; lastKnownFileType = sourcecode.swift; path = RecipeSuccessService.swift; sourceTree = "<group>"; };
		153F128B29FE28D3008BDB4E /* RecipeFailureService.swift */ = {isa = PBXFileReference; lastKnownFileType = sourcecode.swift; path = RecipeFailureService.swift; sourceTree = "<group>"; };
		153F128D29FE2B37008BDB4E /* SearchRecipeViewModel.swift */ = {isa = PBXFileReference; lastKnownFileType = sourcecode.swift; path = SearchRecipeViewModel.swift; sourceTree = "<group>"; };
		1566058F29F914ED008B9F9F /* ContentWrappedStepForm_Tests.swift */ = {isa = PBXFileReference; lastKnownFileType = sourcecode.swift; path = ContentWrappedStepForm_Tests.swift; sourceTree = "<group>"; };
		1566059129F93740008B9F9F /* HomeViewModel.swift */ = {isa = PBXFileReference; lastKnownFileType = sourcecode.swift; path = HomeViewModel.swift; sourceTree = "<group>"; };
		1566059329F937A3008B9F9F /* View + offset.swift */ = {isa = PBXFileReference; lastKnownFileType = sourcecode.swift; path = "View + offset.swift"; sourceTree = "<group>"; };
		1584033229B48E0F0092032A /* LoginView.swift */ = {isa = PBXFileReference; lastKnownFileType = sourcecode.swift; path = LoginView.swift; sourceTree = "<group>"; };
		1584033429B48EAA0092032A /* MembershipView.swift */ = {isa = PBXFileReference; lastKnownFileType = sourcecode.swift; path = MembershipView.swift; sourceTree = "<group>"; };
		1593D94129F689D1008AF49E /* RecipePreviewView.swift */ = {isa = PBXFileReference; lastKnownFileType = sourcecode.swift; path = RecipePreviewView.swift; sourceTree = "<group>"; };
		159BE2A629FB6C1E00DE7448 /* ErrorAlert.swift */ = {isa = PBXFileReference; lastKnownFileType = sourcecode.swift; path = ErrorAlert.swift; sourceTree = "<group>"; };
		159BE2A829FB6E7900DE7448 /* AccountFailureService.swift */ = {isa = PBXFileReference; lastKnownFileType = sourcecode.swift; path = AccountFailureService.swift; sourceTree = "<group>"; };
		159BE2AE29FB875F00DE7448 /* RecipeCellView.swift */ = {isa = PBXFileReference; lastKnownFileType = sourcecode.swift; path = RecipeCellView.swift; sourceTree = "<group>"; };
		159BE2B329FB8DB300DE7448 /* OuterPath.swift */ = {isa = PBXFileReference; lastKnownFileType = sourcecode.swift; path = OuterPath.swift; sourceTree = "<group>"; };
		159FA86B29F8BD3E00ECB9E7 /* RecipeFormViewModel_Tests.swift */ = {isa = PBXFileReference; lastKnownFileType = sourcecode.swift; path = RecipeFormViewModel_Tests.swift; sourceTree = "<group>"; };
		159FA86D29F8C9B800ECB9E7 /* StepPreviewView.swift */ = {isa = PBXFileReference; lastKnownFileType = sourcecode.swift; path = StepPreviewView.swift; sourceTree = "<group>"; };
		15AA2F1629EFDD7E0069813F /* Inter-Regular.ttf */ = {isa = PBXFileReference; lastKnownFileType = file; path = "Inter-Regular.ttf"; sourceTree = "<group>"; };
		15AA2F1729EFDD7E0069813F /* Inter-ExtraLight.ttf */ = {isa = PBXFileReference; lastKnownFileType = file; path = "Inter-ExtraLight.ttf"; sourceTree = "<group>"; };
		15AA2F1829EFDD7E0069813F /* Inter-Medium.ttf */ = {isa = PBXFileReference; lastKnownFileType = file; path = "Inter-Medium.ttf"; sourceTree = "<group>"; };
		15AA2F1929EFDD7E0069813F /* Inter-SemiBold.ttf */ = {isa = PBXFileReference; lastKnownFileType = file; path = "Inter-SemiBold.ttf"; sourceTree = "<group>"; };
		15AA2F1A29EFDD7E0069813F /* Inter-Black.ttf */ = {isa = PBXFileReference; lastKnownFileType = file; path = "Inter-Black.ttf"; sourceTree = "<group>"; };
		15AA2F1B29EFDD7E0069813F /* Inter-Light.ttf */ = {isa = PBXFileReference; lastKnownFileType = file; path = "Inter-Light.ttf"; sourceTree = "<group>"; };
		15AA2F1C29EFDD7E0069813F /* Inter-Thin.ttf */ = {isa = PBXFileReference; lastKnownFileType = file; path = "Inter-Thin.ttf"; sourceTree = "<group>"; };
		15AA2F1D29EFDD7E0069813F /* Inter-Bold.ttf */ = {isa = PBXFileReference; lastKnownFileType = file; path = "Inter-Bold.ttf"; sourceTree = "<group>"; };
		15AA2F1F29EFE47C0069813F /* RecipeFormView.swift */ = {isa = PBXFileReference; lastKnownFileType = sourcecode.swift; path = RecipeFormView.swift; sourceTree = "<group>"; };
		15AA2F2129EFE8DE0069813F /* RecipeForm.swift */ = {isa = PBXFileReference; lastKnownFileType = sourcecode.swift; path = RecipeForm.swift; sourceTree = "<group>"; };
		15AA2F2329EFEA250069813F /* RecipeFormViewModel.swift */ = {isa = PBXFileReference; lastKnownFileType = sourcecode.swift; path = RecipeFormViewModel.swift; sourceTree = "<group>"; };
		15AA2F2729EFEBE00069813F /* CCDivider.swift */ = {isa = PBXFileReference; lastKnownFileType = sourcecode.swift; path = CCDivider.swift; sourceTree = "<group>"; };
		15AA2F2A29EFF5710069813F /* Inter-Bold.ttf */ = {isa = PBXFileReference; lastKnownFileType = file; path = "Inter-Bold.ttf"; sourceTree = "<group>"; };
		15AA2F2B29EFF5710069813F /* Inter-Black.ttf */ = {isa = PBXFileReference; lastKnownFileType = file; path = "Inter-Black.ttf"; sourceTree = "<group>"; };
		15AA2F2C29EFF5710069813F /* Inter-Light.ttf */ = {isa = PBXFileReference; lastKnownFileType = file; path = "Inter-Light.ttf"; sourceTree = "<group>"; };
		15AA2F2D29EFF5710069813F /* Inter-ExtraLight.ttf */ = {isa = PBXFileReference; lastKnownFileType = file; path = "Inter-ExtraLight.ttf"; sourceTree = "<group>"; };
		15AA2F2E29EFF5710069813F /* Inter-Medium.ttf */ = {isa = PBXFileReference; lastKnownFileType = file; path = "Inter-Medium.ttf"; sourceTree = "<group>"; };
		15AA2F2F29EFF5720069813F /* Inter-Regular.ttf */ = {isa = PBXFileReference; lastKnownFileType = file; path = "Inter-Regular.ttf"; sourceTree = "<group>"; };
		15AA2F3029EFF5720069813F /* Inter-SemiBold.ttf */ = {isa = PBXFileReference; lastKnownFileType = file; path = "Inter-SemiBold.ttf"; sourceTree = "<group>"; };
		15AA2F3129EFF5720069813F /* Inter-Thin.ttf */ = {isa = PBXFileReference; lastKnownFileType = file; path = "Inter-Thin.ttf"; sourceTree = "<group>"; };
		15AA2F3F29F0C9110069813F /* StepForm.swift */ = {isa = PBXFileReference; lastKnownFileType = sourcecode.swift; path = StepForm.swift; sourceTree = "<group>"; };
		15AA2F4A29F0D80D0069813F /* RecipePath.swift */ = {isa = PBXFileReference; lastKnownFileType = sourcecode.swift; path = RecipePath.swift; sourceTree = "<group>"; };
		15AA2F4C29F0D9400069813F /* StepFormView.swift */ = {isa = PBXFileReference; lastKnownFileType = sourcecode.swift; path = StepFormView.swift; sourceTree = "<group>"; };
		15AA2F8729F102720069813F /* VideURL.swift */ = {isa = PBXFileReference; lastKnownFileType = sourcecode.swift; path = VideURL.swift; sourceTree = "<group>"; };
		15AA2F8929F10CA90069813F /* ContentWrappedStepForm.swift */ = {isa = PBXFileReference; lastKnownFileType = sourcecode.swift; path = ContentWrappedStepForm.swift; sourceTree = "<group>"; };
		15B869B129EFD9B900A02872 /* MainTabView.swift */ = {isa = PBXFileReference; lastKnownFileType = sourcecode.swift; path = MainTabView.swift; sourceTree = "<group>"; };
		15B869B329EFDA9D00A02872 /* NavigateViewModel.swift */ = {isa = PBXFileReference; lastKnownFileType = sourcecode.swift; path = NavigateViewModel.swift; sourceTree = "<group>"; };
		15B869B829EFDC3600A02872 /* HomeView.swift */ = {isa = PBXFileReference; lastKnownFileType = sourcecode.swift; path = HomeView.swift; sourceTree = "<group>"; };
		15B869BA29EFDC4600A02872 /* CookieView.swift */ = {isa = PBXFileReference; lastKnownFileType = sourcecode.swift; path = CookieView.swift; sourceTree = "<group>"; };
		15B869BC29EFDC5000A02872 /* RefrigeratorView.swift */ = {isa = PBXFileReference; lastKnownFileType = sourcecode.swift; path = RefrigeratorView.swift; sourceTree = "<group>"; };
		15CFE66129FF56C700C16FF6 /* ContentServiceProtocol.swift */ = {isa = PBXFileReference; lastKnownFileType = sourcecode.swift; path = ContentServiceProtocol.swift; sourceTree = "<group>"; };
		15CFE66329FF587D00C16FF6 /* PhotoResponse.swift */ = {isa = PBXFileReference; lastKnownFileType = sourcecode.swift; path = PhotoResponse.swift; sourceTree = "<group>"; };
		15CFE66529FF590000C16FF6 /* VideoResponse.swift */ = {isa = PBXFileReference; lastKnownFileType = sourcecode.swift; path = VideoResponse.swift; sourceTree = "<group>"; };
		15CFE66729FF593300C16FF6 /* ContentSuccessService.swift */ = {isa = PBXFileReference; lastKnownFileType = sourcecode.swift; path = ContentSuccessService.swift; sourceTree = "<group>"; };
		15CFE6A229FF5F0600C16FF6 /* ContentFailureService.swift */ = {isa = PBXFileReference; lastKnownFileType = sourcecode.swift; path = ContentFailureService.swift; sourceTree = "<group>"; };
		15CFE6A429FF69C800C16FF6 /* RecipeFormTests.swift */ = {isa = PBXFileReference; lastKnownFileType = sourcecode.swift; path = RecipeFormTests.swift; sourceTree = "<group>"; };
		15CFE6A729FF7B8500C16FF6 /* ProfileView.swift */ = {isa = PBXFileReference; lastKnownFileType = sourcecode.swift; path = ProfileView.swift; sourceTree = "<group>"; };
		15CFE6A929FF7EAA00C16FF6 /* SearchType.swift */ = {isa = PBXFileReference; lastKnownFileType = sourcecode.swift; path = SearchType.swift; sourceTree = "<group>"; };
		15CFE6AB29FF7F9100C16FF6 /* SearchTypePicker.swift */ = {isa = PBXFileReference; lastKnownFileType = sourcecode.swift; path = SearchTypePicker.swift; sourceTree = "<group>"; };
		15DAE25929FE3F9D00A4B00A /* RecipeViewModel.swift */ = {isa = PBXFileReference; lastKnownFileType = sourcecode.swift; path = RecipeViewModel.swift; sourceTree = "<group>"; };
		15E43A9B29FA94A40008DC7A /* AccountService.swift */ = {isa = PBXFileReference; lastKnownFileType = sourcecode.swift; path = AccountService.swift; sourceTree = "<group>"; };
		15E43A9D29FA94DF0008DC7A /* AccountSuccessService.swift */ = {isa = PBXFileReference; lastKnownFileType = sourcecode.swift; path = AccountSuccessService.swift; sourceTree = "<group>"; };
		15F82A6629FA8D3300DA9381 /* AccountServiceProtocol.swift */ = {isa = PBXFileReference; lastKnownFileType = sourcecode.swift; path = AccountServiceProtocol.swift; sourceTree = "<group>"; };
		15F82A6C29FA901500DA9381 /* AccoutCheckResponse.swift */ = {isa = PBXFileReference; lastKnownFileType = sourcecode.swift; path = AccoutCheckResponse.swift; sourceTree = "<group>"; };
		15F82A6E29FA91CC00DA9381 /* ServiceError.swift */ = {isa = PBXFileReference; lastKnownFileType = sourcecode.swift; path = ServiceError.swift; sourceTree = "<group>"; };
		15F82A7029FA920100DA9381 /* SignUpResponse.swift */ = {isa = PBXFileReference; lastKnownFileType = sourcecode.swift; path = SignUpResponse.swift; sourceTree = "<group>"; };
		15F82A7229FA92D500DA9381 /* SignInResponse.swift */ = {isa = PBXFileReference; lastKnownFileType = sourcecode.swift; path = SignInResponse.swift; sourceTree = "<group>"; };
		15F82A7429FA93E500DA9381 /* UserAccountResponse.swift */ = {isa = PBXFileReference; lastKnownFileType = sourcecode.swift; path = UserAccountResponse.swift; sourceTree = "<group>"; };
/* End PBXFileReference section */

/* Begin PBXFrameworksBuildPhase section */
		1503F91C29B45560002F3D26 /* Frameworks */ = {
			isa = PBXFrameworksBuildPhase;
			buildActionMask = 2147483647;
			files = (
				159BE2B229FB87CD00DE7448 /* Kingfisher in Frameworks */,
				15DAE25829FE3CCA00A4B00A /* ObservedOptionalObject in Frameworks */,
				15F82A6A29FA8D5F00DA9381 /* Alamofire in Frameworks */,
				159BE2AC29FB810200DE7448 /* Introspect in Frameworks */,
			);
			runOnlyForDeploymentPostprocessing = 0;
		};
		1503F92C29B45561002F3D26 /* Frameworks */ = {
			isa = PBXFrameworksBuildPhase;
			buildActionMask = 2147483647;
			files = (
			);
			runOnlyForDeploymentPostprocessing = 0;
		};
		1503F93629B45561002F3D26 /* Frameworks */ = {
			isa = PBXFrameworksBuildPhase;
			buildActionMask = 2147483647;
			files = (
			);
			runOnlyForDeploymentPostprocessing = 0;
		};
/* End PBXFrameworksBuildPhase section */

/* Begin PBXGroup section */
		1503F91629B45560002F3D26 = {
			isa = PBXGroup;
			children = (
				1503F92129B45560002F3D26 /* Cookcode */,
				1503F93229B45561002F3D26 /* CookcodeTests */,
				1503F93C29B45561002F3D26 /* CookcodeUITests */,
				1503F92029B45560002F3D26 /* Products */,
			);
			sourceTree = "<group>";
		};
		1503F92029B45560002F3D26 /* Products */ = {
			isa = PBXGroup;
			children = (
				1503F91F29B45560002F3D26 /* Cookcode.app */,
				1503F92F29B45561002F3D26 /* CookcodeTests.xctest */,
				1503F93929B45561002F3D26 /* CookcodeUITests.xctest */,
			);
			name = Products;
			sourceTree = "<group>";
		};
		1503F92129B45560002F3D26 /* Cookcode */ = {
			isa = PBXGroup;
			children = (
				153B4DA429ED085E00543730 /* Info.plist */,
				153B4D8A29ED050A00543730 /* Helper */,
				1503F95329B459CA002F3D26 /* Service */,
				1503F95229B459C7002F3D26 /* Model */,
				1503F95029B459BD002F3D26 /* ViewModel */,
				153B4D9029ED06A500543730 /* Component */,
				1503F95129B459C4002F3D26 /* View */,
				1503F92229B45560002F3D26 /* CookcodeApp.swift */,
				1503F92429B45560002F3D26 /* ContentView.swift */,
				1503F92629B45561002F3D26 /* Assets.xcassets */,
				1503F92829B45561002F3D26 /* Preview Content */,
			);
			path = Cookcode;
			sourceTree = "<group>";
		};
		1503F92829B45561002F3D26 /* Preview Content */ = {
			isa = PBXGroup;
			children = (
				1503F92929B45561002F3D26 /* Preview Assets.xcassets */,
			);
			path = "Preview Content";
			sourceTree = "<group>";
		};
		1503F93229B45561002F3D26 /* CookcodeTests */ = {
			isa = PBXGroup;
			children = (
				1566058E29F914C8008B9F9F /* Model */,
				159FA86929F8BD2200ECB9E7 /* ViewModel */,
				1503F93329B45561002F3D26 /* CookcodeTests.swift */,
			);
			path = CookcodeTests;
			sourceTree = "<group>";
		};
		1503F93C29B45561002F3D26 /* CookcodeUITests */ = {
			isa = PBXGroup;
			children = (
				153B4DB729ED589F00543730 /* Model */,
				1503F93D29B45561002F3D26 /* CookcodeUITests.swift */,
				1503F93F29B45561002F3D26 /* CookcodeUITestsLaunchTests.swift */,
				1503F94E29B456CE002F3D26 /* LoginView_UITests.swift */,
			);
			path = CookcodeUITests;
			sourceTree = "<group>";
		};
		1503F95029B459BD002F3D26 /* ViewModel */ = {
			isa = PBXGroup;
			children = (
				1503F95429B459DD002F3D26 /* LoginViewModel.swift */,
				153B4DB029ED1B1300543730 /* MembershipViewModel.swift */,
				15B869B329EFDA9D00A02872 /* NavigateViewModel.swift */,
				15AA2F2329EFEA250069813F /* RecipeFormViewModel.swift */,
				1566059129F93740008B9F9F /* HomeViewModel.swift */,
				153F128D29FE2B37008BDB4E /* SearchRecipeViewModel.swift */,
				15DAE25929FE3F9D00A4B00A /* RecipeViewModel.swift */,
			);
			path = ViewModel;
			sourceTree = "<group>";
		};
		1503F95129B459C4002F3D26 /* View */ = {
			isa = PBXGroup;
			children = (
				15CFE6A629FF7B7000C16FF6 /* Profile */,
				159BE2AD29FB875300DE7448 /* Cell */,
				15AA2F1E29EFE4750069813F /* Recipe */,
				15B869B729EFDC2B00A02872 /* Refrigerator */,
				15B869B629EFDC2900A02872 /* Cookie */,
				15B869B529EFDC2600A02872 /* Home */,
				1584033229B48E0F0092032A /* LoginView.swift */,
				1584033429B48EAA0092032A /* MembershipView.swift */,
				15B869B129EFD9B900A02872 /* MainTabView.swift */,
			);
			path = View;
			sourceTree = "<group>";
		};
		1503F95229B459C7002F3D26 /* Model */ = {
			isa = PBXGroup;
			children = (
				150CD44229F397830001FFEB /* ContentType.swift */,
				15AA2F8729F102720069813F /* VideURL.swift */,
				15AA2F4929F0D8050069813F /* Path */,
				15AA2F4129F0C9DC0069813F /* Form */,
				153F127629FE2268008BDB4E /* DTO */,
				159BE2A629FB6C1E00DE7448 /* ErrorAlert.swift */,
				15CFE6A929FF7EAA00C16FF6 /* SearchType.swift */,
			);
			path = Model;
			sourceTree = "<group>";
		};
		1503F95329B459CA002F3D26 /* Service */ = {
			isa = PBXGroup;
			children = (
				15CFE66029FF56BF00C16FF6 /* Content */,
				153F128629FE2616008BDB4E /* Recipe */,
				153F128529FE2608008BDB4E /* Account */,
				15F82A6B29FA8F2700DA9381 /* Response */,
			);
			path = Service;
			sourceTree = "<group>";
		};
		150CD44429F628900001FFEB /* Swift Standar + Extension */ = {
			isa = PBXGroup;
			children = (
				153B4DBC29ED599C00543730 /* Character + Extension.swift */,
				150CD44529F628CC0001FFEB /* String + Extension.swift */,
			);
			path = "Swift Standar + Extension";
			sourceTree = "<group>";
		};
		153B4D8A29ED050A00543730 /* Helper */ = {
			isa = PBXGroup;
			children = (
				150CD44429F628900001FFEB /* Swift Standar + Extension */,
				15AA2F4829F0D4210069813F /* Binding + Extension */,
				153B4DA929ED0F9500543730 /* View + Extension */,
				153B4DA529ED095C00543730 /* CustomFontFactory */,
				153B4D9129ED081C00543730 /* Font */,
				153B4D8B29ED051100543730 /* Color + Extension */,
			);
			path = Helper;
			sourceTree = "<group>";
		};
		153B4D8B29ED051100543730 /* Color + Extension */ = {
			isa = PBXGroup;
			children = (
				153B4D8C29ED061E00543730 /* Color + Extension.swift */,
			);
			path = "Color + Extension";
			sourceTree = "<group>";
		};
		153B4D9029ED06A500543730 /* Component */ = {
			isa = PBXGroup;
			children = (
				15AA2F2729EFEBE00069813F /* CCDivider.swift */,
				15CFE6AB29FF7F9100C16FF6 /* SearchTypePicker.swift */,
			);
			path = Component;
			sourceTree = "<group>";
		};
		153B4D9129ED081C00543730 /* Font */ = {
			isa = PBXGroup;
			children = (
				15AA2F2B29EFF5710069813F /* Inter-Black.ttf */,
				15AA2F2A29EFF5710069813F /* Inter-Bold.ttf */,
				15AA2F2D29EFF5710069813F /* Inter-ExtraLight.ttf */,
				15AA2F2C29EFF5710069813F /* Inter-Light.ttf */,
				15AA2F2E29EFF5710069813F /* Inter-Medium.ttf */,
				15AA2F2F29EFF5720069813F /* Inter-Regular.ttf */,
				15AA2F3029EFF5720069813F /* Inter-SemiBold.ttf */,
				15AA2F3129EFF5720069813F /* Inter-Thin.ttf */,
				15AA2F1A29EFDD7E0069813F /* Inter-Black.ttf */,
				15AA2F1D29EFDD7E0069813F /* Inter-Bold.ttf */,
				15AA2F1729EFDD7E0069813F /* Inter-ExtraLight.ttf */,
				15AA2F1B29EFDD7E0069813F /* Inter-Light.ttf */,
				15AA2F1829EFDD7E0069813F /* Inter-Medium.ttf */,
				15AA2F1629EFDD7E0069813F /* Inter-Regular.ttf */,
				15AA2F1929EFDD7E0069813F /* Inter-SemiBold.ttf */,
				15AA2F1C29EFDD7E0069813F /* Inter-Thin.ttf */,
			);
			path = Font;
			sourceTree = "<group>";
		};
		153B4DA529ED095C00543730 /* CustomFontFactory */ = {
			isa = PBXGroup;
			children = (
				153B4DA729ED097500543730 /* CustomFontFactory.swift */,
			);
			path = CustomFontFactory;
			sourceTree = "<group>";
		};
		153B4DA929ED0F9500543730 /* View + Extension */ = {
			isa = PBXGroup;
			children = (
				153B4DAA29ED0FF000543730 /* RoundedRectangleModifier.swift */,
				153B4DB229ED286300543730 /* View + Hidden.swift */,
				1566059329F937A3008B9F9F /* View + offset.swift */,
			);
			path = "View + Extension";
			sourceTree = "<group>";
		};
		153B4DB729ED589F00543730 /* Model */ = {
			isa = PBXGroup;
			children = (
				153B4DB829ED58B900543730 /* MembershipForm_Tests.swift */,
			);
			path = Model;
			sourceTree = "<group>";
		};
		153F127629FE2268008BDB4E /* DTO */ = {
			isa = PBXGroup;
			children = (
				153F127729FE2274008BDB4E /* ImageContent.swift */,
				153F127929FE22EB008BDB4E /* VideoContent .swift */,
				153F127B29FE2359008BDB4E /* RecipeStep.swift */,
				153F127D29FE23B3008BDB4E /* RecipeCell.swift */,
				153F127F29FE2415008BDB4E /* User.swift */,
				153F128129FE25AD008BDB4E /* RecipeCellSearch.swift */,
			);
			path = DTO;
			sourceTree = "<group>";
		};
		153F128529FE2608008BDB4E /* Account */ = {
			isa = PBXGroup;
			children = (
				159BE2A829FB6E7900DE7448 /* AccountFailureService.swift */,
				15F82A6629FA8D3300DA9381 /* AccountServiceProtocol.swift */,
				15E43A9D29FA94DF0008DC7A /* AccountSuccessService.swift */,
				15E43A9B29FA94A40008DC7A /* AccountService.swift */,
			);
			path = Account;
			sourceTree = "<group>";
		};
		153F128629FE2616008BDB4E /* Recipe */ = {
			isa = PBXGroup;
			children = (
				153F128729FE261F008BDB4E /* RecipeServiceProtocol.swift */,
				153F128929FE269A008BDB4E /* RecipeSuccessService.swift */,
				153F128B29FE28D3008BDB4E /* RecipeFailureService.swift */,
			);
			path = Recipe;
			sourceTree = "<group>";
		};
		1566058E29F914C8008B9F9F /* Model */ = {
			isa = PBXGroup;
			children = (
				1566058F29F914ED008B9F9F /* ContentWrappedStepForm_Tests.swift */,
				15CFE6A429FF69C800C16FF6 /* RecipeFormTests.swift */,
			);
			path = Model;
			sourceTree = "<group>";
		};
		159BE2AD29FB875300DE7448 /* Cell */ = {
			isa = PBXGroup;
			children = (
				159BE2AE29FB875F00DE7448 /* RecipeCellView.swift */,
			);
			path = Cell;
			sourceTree = "<group>";
		};
		159FA86929F8BD2200ECB9E7 /* ViewModel */ = {
			isa = PBXGroup;
			children = (
				1503F94C29B4557A002F3D26 /* LoginViewModel_Tests.swift */,
				159FA86B29F8BD3E00ECB9E7 /* RecipeFormViewModel_Tests.swift */,
			);
			path = ViewModel;
			sourceTree = "<group>";
		};
		15AA2F1E29EFE4750069813F /* Recipe */ = {
			isa = PBXGroup;
			children = (
				15AA2F1F29EFE47C0069813F /* RecipeFormView.swift */,
				15AA2F4C29F0D9400069813F /* StepFormView.swift */,
				1593D94129F689D1008AF49E /* RecipePreviewView.swift */,
				152389D329F69AD60090CA9B /* RecipeEntranceView.swift */,
				159FA86D29F8C9B800ECB9E7 /* StepPreviewView.swift */,
			);
			path = Recipe;
			sourceTree = "<group>";
		};
		15AA2F4129F0C9DC0069813F /* Form */ = {
			isa = PBXGroup;
			children = (
				15AA2F3F29F0C9110069813F /* StepForm.swift */,
				15AA2F2129EFE8DE0069813F /* RecipeForm.swift */,
				153B4DAC29ED179200543730 /* SignInForm.swift */,
				153B4DAE29ED1AB400543730 /* MembershipForm.swift */,
				15AA2F8929F10CA90069813F /* ContentWrappedStepForm.swift */,
			);
			path = Form;
			sourceTree = "<group>";
		};
		15AA2F4829F0D4210069813F /* Binding + Extension */ = {
			isa = PBXGroup;
			children = (
			);
			path = "Binding + Extension";
			sourceTree = "<group>";
		};
		15AA2F4929F0D8050069813F /* Path */ = {
			isa = PBXGroup;
			children = (
				153B4DB429ED2B5600543730 /* Tab.swift */,
				15AA2F4A29F0D80D0069813F /* RecipePath.swift */,
				159BE2B329FB8DB300DE7448 /* OuterPath.swift */,
				153F127229FE18F9008BDB4E /* HomePath.swift */,
			);
			path = Path;
			sourceTree = "<group>";
		};
		15B869B529EFDC2600A02872 /* Home */ = {
			isa = PBXGroup;
			children = (
				15B869B829EFDC3600A02872 /* HomeView.swift */,
				153F127429FE1B8A008BDB4E /* SearchRecipeView.swift */,
			);
			path = Home;
			sourceTree = "<group>";
		};
		15B869B629EFDC2900A02872 /* Cookie */ = {
			isa = PBXGroup;
			children = (
				15B869BA29EFDC4600A02872 /* CookieView.swift */,
			);
			path = Cookie;
			sourceTree = "<group>";
		};
		15B869B729EFDC2B00A02872 /* Refrigerator */ = {
			isa = PBXGroup;
			children = (
				15B869BC29EFDC5000A02872 /* RefrigeratorView.swift */,
			);
			path = Refrigerator;
			sourceTree = "<group>";
		};
		15CFE66029FF56BF00C16FF6 /* Content */ = {
			isa = PBXGroup;
			children = (
				15CFE66129FF56C700C16FF6 /* ContentServiceProtocol.swift */,
				15CFE66729FF593300C16FF6 /* ContentSuccessService.swift */,
				15CFE6A229FF5F0600C16FF6 /* ContentFailureService.swift */,
			);
			path = Content;
			sourceTree = "<group>";
		};
		15CFE6A629FF7B7000C16FF6 /* Profile */ = {
			isa = PBXGroup;
			children = (
				15CFE6A729FF7B8500C16FF6 /* ProfileView.swift */,
			);
			path = Profile;
			sourceTree = "<group>";
		};
		15F82A6B29FA8F2700DA9381 /* Response */ = {
			isa = PBXGroup;
			children = (
				15F82A6C29FA901500DA9381 /* AccoutCheckResponse.swift */,
				15F82A6E29FA91CC00DA9381 /* ServiceError.swift */,
				15F82A7029FA920100DA9381 /* SignUpResponse.swift */,
				15F82A7229FA92D500DA9381 /* SignInResponse.swift */,
				15F82A7429FA93E500DA9381 /* UserAccountResponse.swift */,
				153F128329FE25D9008BDB4E /* RecipeCellSearchResponse.swift */,
				15CFE66329FF587D00C16FF6 /* PhotoResponse.swift */,
				15CFE66529FF590000C16FF6 /* VideoResponse.swift */,
			);
			path = Response;
			sourceTree = "<group>";
		};
/* End PBXGroup section */

/* Begin PBXNativeTarget section */
		1503F91E29B45560002F3D26 /* Cookcode */ = {
			isa = PBXNativeTarget;
			buildConfigurationList = 1503F94329B45561002F3D26 /* Build configuration list for PBXNativeTarget "Cookcode" */;
			buildPhases = (
				1503F91B29B45560002F3D26 /* Sources */,
				1503F91C29B45560002F3D26 /* Frameworks */,
				1503F91D29B45560002F3D26 /* Resources */,
			);
			buildRules = (
			);
			dependencies = (
			);
			name = Cookcode;
			packageProductDependencies = (
				15F82A6929FA8D5F00DA9381 /* Alamofire */,
				159BE2AB29FB810200DE7448 /* Introspect */,
				159BE2B129FB87CD00DE7448 /* Kingfisher */,
				15DAE25729FE3CCA00A4B00A /* ObservedOptionalObject */,
			);
			productName = Cookcode;
			productReference = 1503F91F29B45560002F3D26 /* Cookcode.app */;
			productType = "com.apple.product-type.application";
		};
		1503F92E29B45561002F3D26 /* CookcodeTests */ = {
			isa = PBXNativeTarget;
			buildConfigurationList = 1503F94629B45561002F3D26 /* Build configuration list for PBXNativeTarget "CookcodeTests" */;
			buildPhases = (
				1503F92B29B45561002F3D26 /* Sources */,
				1503F92C29B45561002F3D26 /* Frameworks */,
				1503F92D29B45561002F3D26 /* Resources */,
			);
			buildRules = (
			);
			dependencies = (
				1503F93129B45561002F3D26 /* PBXTargetDependency */,
			);
			name = CookcodeTests;
			productName = CookcodeTests;
			productReference = 1503F92F29B45561002F3D26 /* CookcodeTests.xctest */;
			productType = "com.apple.product-type.bundle.unit-test";
		};
		1503F93829B45561002F3D26 /* CookcodeUITests */ = {
			isa = PBXNativeTarget;
			buildConfigurationList = 1503F94929B45561002F3D26 /* Build configuration list for PBXNativeTarget "CookcodeUITests" */;
			buildPhases = (
				1503F93529B45561002F3D26 /* Sources */,
				1503F93629B45561002F3D26 /* Frameworks */,
				1503F93729B45561002F3D26 /* Resources */,
			);
			buildRules = (
			);
			dependencies = (
				1503F93B29B45561002F3D26 /* PBXTargetDependency */,
			);
			name = CookcodeUITests;
			productName = CookcodeUITests;
			productReference = 1503F93929B45561002F3D26 /* CookcodeUITests.xctest */;
			productType = "com.apple.product-type.bundle.ui-testing";
		};
/* End PBXNativeTarget section */

/* Begin PBXProject section */
		1503F91729B45560002F3D26 /* Project object */ = {
			isa = PBXProject;
			attributes = {
				BuildIndependentTargetsInParallel = 1;
				LastSwiftUpdateCheck = 1420;
				LastUpgradeCheck = 1420;
				TargetAttributes = {
					1503F91E29B45560002F3D26 = {
						CreatedOnToolsVersion = 14.2;
					};
					1503F92E29B45561002F3D26 = {
						CreatedOnToolsVersion = 14.2;
						TestTargetID = 1503F91E29B45560002F3D26;
					};
					1503F93829B45561002F3D26 = {
						CreatedOnToolsVersion = 14.2;
						TestTargetID = 1503F91E29B45560002F3D26;
					};
				};
			};
			buildConfigurationList = 1503F91A29B45560002F3D26 /* Build configuration list for PBXProject "Cookcode" */;
			compatibilityVersion = "Xcode 14.0";
			developmentRegion = en;
			hasScannedForEncodings = 0;
			knownRegions = (
				en,
				Base,
			);
			mainGroup = 1503F91629B45560002F3D26;
			packageReferences = (
				15F82A6829FA8D5F00DA9381 /* XCRemoteSwiftPackageReference "Alamofire" */,
				159BE2AA29FB810200DE7448 /* XCRemoteSwiftPackageReference "SwiftUI-Introspect" */,
				159BE2B029FB87CC00DE7448 /* XCRemoteSwiftPackageReference "Kingfisher" */,
				15DAE25629FE3CCA00A4B00A /* XCRemoteSwiftPackageReference "observed-optional-object" */,
			);
			productRefGroup = 1503F92029B45560002F3D26 /* Products */;
			projectDirPath = "";
			projectRoot = "";
			targets = (
				1503F91E29B45560002F3D26 /* Cookcode */,
				1503F92E29B45561002F3D26 /* CookcodeTests */,
				1503F93829B45561002F3D26 /* CookcodeUITests */,
			);
		};
/* End PBXProject section */

/* Begin PBXResourcesBuildPhase section */
		1503F91D29B45560002F3D26 /* Resources */ = {
			isa = PBXResourcesBuildPhase;
			buildActionMask = 2147483647;
			files = (
				1503F92A29B45561002F3D26 /* Preview Assets.xcassets in Resources */,
				15AA2F3829EFF5720069813F /* Inter-Regular.ttf in Resources */,
				1503F92729B45561002F3D26 /* Assets.xcassets in Resources */,
				15AA2F3429EFF5720069813F /* Inter-Black.ttf in Resources */,
				15AA2F3629EFF5720069813F /* Inter-ExtraLight.ttf in Resources */,
				15AA2F3A29EFF5720069813F /* Inter-Thin.ttf in Resources */,
				15AA2F3729EFF5720069813F /* Inter-Medium.ttf in Resources */,
				15AA2F3329EFF5720069813F /* Inter-Bold.ttf in Resources */,
				15AA2F3529EFF5720069813F /* Inter-Light.ttf in Resources */,
				15AA2F3929EFF5720069813F /* Inter-SemiBold.ttf in Resources */,
			);
			runOnlyForDeploymentPostprocessing = 0;
		};
		1503F92D29B45561002F3D26 /* Resources */ = {
			isa = PBXResourcesBuildPhase;
			buildActionMask = 2147483647;
			files = (
			);
			runOnlyForDeploymentPostprocessing = 0;
		};
		1503F93729B45561002F3D26 /* Resources */ = {
			isa = PBXResourcesBuildPhase;
			buildActionMask = 2147483647;
			files = (
			);
			runOnlyForDeploymentPostprocessing = 0;
		};
/* End PBXResourcesBuildPhase section */

/* Begin PBXSourcesBuildPhase section */
		1503F91B29B45560002F3D26 /* Sources */ = {
			isa = PBXSourcesBuildPhase;
			buildActionMask = 2147483647;
			files = (
				15AA2F2029EFE47C0069813F /* RecipeFormView.swift in Sources */,
				15B869BB29EFDC4600A02872 /* CookieView.swift in Sources */,
				150CD44629F628CC0001FFEB /* String + Extension.swift in Sources */,
				153F127329FE18F9008BDB4E /* HomePath.swift in Sources */,
				153B4DB129ED1B1300543730 /* MembershipViewModel.swift in Sources */,
				15E43A9E29FA94DF0008DC7A /* AccountSuccessService.swift in Sources */,
				15AA2F8829F102720069813F /* VideURL.swift in Sources */,
				15AA2F2829EFEBE00069813F /* CCDivider.swift in Sources */,
				1503F92529B45560002F3D26 /* ContentView.swift in Sources */,
				15CFE66429FF587D00C16FF6 /* PhotoResponse.swift in Sources */,
				15CFE6A829FF7B8500C16FF6 /* ProfileView.swift in Sources */,
				15CFE66829FF593300C16FF6 /* ContentSuccessService.swift in Sources */,
				153F128C29FE28D3008BDB4E /* RecipeFailureService.swift in Sources */,
				153F128829FE261F008BDB4E /* RecipeServiceProtocol.swift in Sources */,
				15B869BD29EFDC5000A02872 /* RefrigeratorView.swift in Sources */,
				15F82A7529FA93E500DA9381 /* UserAccountResponse.swift in Sources */,
				159BE2AF29FB875F00DE7448 /* RecipeCellView.swift in Sources */,
				15CFE6AC29FF7F9100C16FF6 /* SearchTypePicker.swift in Sources */,
				153F127E29FE23B3008BDB4E /* RecipeCell.swift in Sources */,
				15F82A6D29FA901500DA9381 /* AccoutCheckResponse.swift in Sources */,
				15AA2F4029F0C9110069813F /* StepForm.swift in Sources */,
				15CFE66229FF56C700C16FF6 /* ContentServiceProtocol.swift in Sources */,
				153B4DAF29ED1AB400543730 /* MembershipForm.swift in Sources */,
				15AA2F4D29F0D9400069813F /* StepFormView.swift in Sources */,
				1584033529B48EAA0092032A /* MembershipView.swift in Sources */,
				1503F92329B45560002F3D26 /* CookcodeApp.swift in Sources */,
				159FA86E29F8C9B800ECB9E7 /* StepPreviewView.swift in Sources */,
				1593D94229F689D1008AF49E /* RecipePreviewView.swift in Sources */,
				153F127A29FE22EB008BDB4E /* VideoContent .swift in Sources */,
				15AA2F2229EFE8DE0069813F /* RecipeForm.swift in Sources */,
				15B869B929EFDC3600A02872 /* HomeView.swift in Sources */,
				15F82A7329FA92D500DA9381 /* SignInResponse.swift in Sources */,
				15CFE6AA29FF7EAA00C16FF6 /* SearchType.swift in Sources */,
				1566059229F93740008B9F9F /* HomeViewModel.swift in Sources */,
				15E43A9C29FA94A40008DC7A /* AccountService.swift in Sources */,
				1584033329B48E0F0092032A /* LoginView.swift in Sources */,
				1503F95529B459DD002F3D26 /* LoginViewModel.swift in Sources */,
				153B4DB529ED2B5600543730 /* Tab.swift in Sources */,
				15F82A7129FA920100DA9381 /* SignUpResponse.swift in Sources */,
				153B4DA829ED097500543730 /* CustomFontFactory.swift in Sources */,
				153F128029FE2415008BDB4E /* User.swift in Sources */,
				1566059429F937A3008B9F9F /* View + offset.swift in Sources */,
				15AA2F4B29F0D80E0069813F /* RecipePath.swift in Sources */,
				150CD44329F397830001FFEB /* ContentType.swift in Sources */,
				152389D429F69AD60090CA9B /* RecipeEntranceView.swift in Sources */,
				15CFE6A329FF5F0600C16FF6 /* ContentFailureService.swift in Sources */,
				153F127C29FE2359008BDB4E /* RecipeStep.swift in Sources */,
				153B4DB329ED286300543730 /* View + Hidden.swift in Sources */,
				159BE2A929FB6E7900DE7448 /* AccountFailureService.swift in Sources */,
				15B869B229EFD9B900A02872 /* MainTabView.swift in Sources */,
				159BE2B429FB8DB300DE7448 /* OuterPath.swift in Sources */,
				153F128E29FE2B37008BDB4E /* SearchRecipeViewModel.swift in Sources */,
				15DAE25A29FE3F9D00A4B00A /* RecipeViewModel.swift in Sources */,
				153F127529FE1B8A008BDB4E /* SearchRecipeView.swift in Sources */,
				153F128229FE25AD008BDB4E /* RecipeCellSearch.swift in Sources */,
				153B4DAB29ED0FF000543730 /* RoundedRectangleModifier.swift in Sources */,
				153B4DBD29ED599C00543730 /* Character + Extension.swift in Sources */,
				15CFE66629FF590000C16FF6 /* VideoResponse.swift in Sources */,
				15AA2F2429EFEA250069813F /* RecipeFormViewModel.swift in Sources */,
				159BE2A729FB6C1E00DE7448 /* ErrorAlert.swift in Sources */,
				15F82A6729FA8D3300DA9381 /* AccountServiceProtocol.swift in Sources */,
				15B869B429EFDA9D00A02872 /* NavigateViewModel.swift in Sources */,
				153F127829FE2274008BDB4E /* ImageContent.swift in Sources */,
				15AA2F8A29F10CA90069813F /* ContentWrappedStepForm.swift in Sources */,
				153B4DAD29ED179200543730 /* SignInForm.swift in Sources */,
				153B4D8D29ED061E00543730 /* Color + Extension.swift in Sources */,
				153F128A29FE269A008BDB4E /* RecipeSuccessService.swift in Sources */,
				153F128429FE25D9008BDB4E /* RecipeCellSearchResponse.swift in Sources */,
				15F82A6F29FA91CC00DA9381 /* ServiceError.swift in Sources */,
			);
			runOnlyForDeploymentPostprocessing = 0;
		};
		1503F92B29B45561002F3D26 /* Sources */ = {
			isa = PBXSourcesBuildPhase;
			buildActionMask = 2147483647;
			files = (
				159FA86C29F8BD3E00ECB9E7 /* RecipeFormViewModel_Tests.swift in Sources */,
				153B4DB929ED58B900543730 /* MembershipForm_Tests.swift in Sources */,
				1503F94D29B4557A002F3D26 /* LoginViewModel_Tests.swift in Sources */,
				15CFE6A529FF69C800C16FF6 /* RecipeFormTests.swift in Sources */,
				1566059029F914ED008B9F9F /* ContentWrappedStepForm_Tests.swift in Sources */,
				1503F93429B45561002F3D26 /* CookcodeTests.swift in Sources */,
			);
			runOnlyForDeploymentPostprocessing = 0;
		};
		1503F93529B45561002F3D26 /* Sources */ = {
			isa = PBXSourcesBuildPhase;
			buildActionMask = 2147483647;
			files = (
				1503F94029B45561002F3D26 /* CookcodeUITestsLaunchTests.swift in Sources */,
				1503F93E29B45561002F3D26 /* CookcodeUITests.swift in Sources */,
				1503F94F29B456CE002F3D26 /* LoginView_UITests.swift in Sources */,
			);
			runOnlyForDeploymentPostprocessing = 0;
		};
/* End PBXSourcesBuildPhase section */

/* Begin PBXTargetDependency section */
		1503F93129B45561002F3D26 /* PBXTargetDependency */ = {
			isa = PBXTargetDependency;
			target = 1503F91E29B45560002F3D26 /* Cookcode */;
			targetProxy = 1503F93029B45561002F3D26 /* PBXContainerItemProxy */;
		};
		1503F93B29B45561002F3D26 /* PBXTargetDependency */ = {
			isa = PBXTargetDependency;
			target = 1503F91E29B45560002F3D26 /* Cookcode */;
			targetProxy = 1503F93A29B45561002F3D26 /* PBXContainerItemProxy */;
		};
/* End PBXTargetDependency section */

/* Begin XCBuildConfiguration section */
		1503F94129B45561002F3D26 /* Debug */ = {
			isa = XCBuildConfiguration;
			buildSettings = {
				ALWAYS_SEARCH_USER_PATHS = NO;
				CLANG_ANALYZER_NONNULL = YES;
				CLANG_ANALYZER_NUMBER_OBJECT_CONVERSION = YES_AGGRESSIVE;
				CLANG_CXX_LANGUAGE_STANDARD = "gnu++20";
				CLANG_ENABLE_MODULES = YES;
				CLANG_ENABLE_OBJC_ARC = YES;
				CLANG_ENABLE_OBJC_WEAK = YES;
				CLANG_WARN_BLOCK_CAPTURE_AUTORELEASING = YES;
				CLANG_WARN_BOOL_CONVERSION = YES;
				CLANG_WARN_COMMA = YES;
				CLANG_WARN_CONSTANT_CONVERSION = YES;
				CLANG_WARN_DEPRECATED_OBJC_IMPLEMENTATIONS = YES;
				CLANG_WARN_DIRECT_OBJC_ISA_USAGE = YES_ERROR;
				CLANG_WARN_DOCUMENTATION_COMMENTS = YES;
				CLANG_WARN_EMPTY_BODY = YES;
				CLANG_WARN_ENUM_CONVERSION = YES;
				CLANG_WARN_INFINITE_RECURSION = YES;
				CLANG_WARN_INT_CONVERSION = YES;
				CLANG_WARN_NON_LITERAL_NULL_CONVERSION = YES;
				CLANG_WARN_OBJC_IMPLICIT_RETAIN_SELF = YES;
				CLANG_WARN_OBJC_LITERAL_CONVERSION = YES;
				CLANG_WARN_OBJC_ROOT_CLASS = YES_ERROR;
				CLANG_WARN_QUOTED_INCLUDE_IN_FRAMEWORK_HEADER = YES;
				CLANG_WARN_RANGE_LOOP_ANALYSIS = YES;
				CLANG_WARN_STRICT_PROTOTYPES = YES;
				CLANG_WARN_SUSPICIOUS_MOVE = YES;
				CLANG_WARN_UNGUARDED_AVAILABILITY = YES_AGGRESSIVE;
				CLANG_WARN_UNREACHABLE_CODE = YES;
				CLANG_WARN__DUPLICATE_METHOD_MATCH = YES;
				COPY_PHASE_STRIP = NO;
				DEBUG_INFORMATION_FORMAT = dwarf;
				ENABLE_STRICT_OBJC_MSGSEND = YES;
				ENABLE_TESTABILITY = YES;
				GCC_C_LANGUAGE_STANDARD = gnu11;
				GCC_DYNAMIC_NO_PIC = NO;
				GCC_NO_COMMON_BLOCKS = YES;
				GCC_OPTIMIZATION_LEVEL = 0;
				GCC_PREPROCESSOR_DEFINITIONS = (
					"DEBUG=1",
					"$(inherited)",
				);
				GCC_WARN_64_TO_32_BIT_CONVERSION = YES;
				GCC_WARN_ABOUT_RETURN_TYPE = YES_ERROR;
				GCC_WARN_UNDECLARED_SELECTOR = YES;
				GCC_WARN_UNINITIALIZED_AUTOS = YES_AGGRESSIVE;
				GCC_WARN_UNUSED_FUNCTION = YES;
				GCC_WARN_UNUSED_VARIABLE = YES;
				IPHONEOS_DEPLOYMENT_TARGET = 16.2;
				MTL_ENABLE_DEBUG_INFO = INCLUDE_SOURCE;
				MTL_FAST_MATH = YES;
				ONLY_ACTIVE_ARCH = YES;
				SDKROOT = iphoneos;
				SWIFT_ACTIVE_COMPILATION_CONDITIONS = DEBUG;
				SWIFT_OPTIMIZATION_LEVEL = "-Onone";
			};
			name = Debug;
		};
		1503F94229B45561002F3D26 /* Release */ = {
			isa = XCBuildConfiguration;
			buildSettings = {
				ALWAYS_SEARCH_USER_PATHS = NO;
				CLANG_ANALYZER_NONNULL = YES;
				CLANG_ANALYZER_NUMBER_OBJECT_CONVERSION = YES_AGGRESSIVE;
				CLANG_CXX_LANGUAGE_STANDARD = "gnu++20";
				CLANG_ENABLE_MODULES = YES;
				CLANG_ENABLE_OBJC_ARC = YES;
				CLANG_ENABLE_OBJC_WEAK = YES;
				CLANG_WARN_BLOCK_CAPTURE_AUTORELEASING = YES;
				CLANG_WARN_BOOL_CONVERSION = YES;
				CLANG_WARN_COMMA = YES;
				CLANG_WARN_CONSTANT_CONVERSION = YES;
				CLANG_WARN_DEPRECATED_OBJC_IMPLEMENTATIONS = YES;
				CLANG_WARN_DIRECT_OBJC_ISA_USAGE = YES_ERROR;
				CLANG_WARN_DOCUMENTATION_COMMENTS = YES;
				CLANG_WARN_EMPTY_BODY = YES;
				CLANG_WARN_ENUM_CONVERSION = YES;
				CLANG_WARN_INFINITE_RECURSION = YES;
				CLANG_WARN_INT_CONVERSION = YES;
				CLANG_WARN_NON_LITERAL_NULL_CONVERSION = YES;
				CLANG_WARN_OBJC_IMPLICIT_RETAIN_SELF = YES;
				CLANG_WARN_OBJC_LITERAL_CONVERSION = YES;
				CLANG_WARN_OBJC_ROOT_CLASS = YES_ERROR;
				CLANG_WARN_QUOTED_INCLUDE_IN_FRAMEWORK_HEADER = YES;
				CLANG_WARN_RANGE_LOOP_ANALYSIS = YES;
				CLANG_WARN_STRICT_PROTOTYPES = YES;
				CLANG_WARN_SUSPICIOUS_MOVE = YES;
				CLANG_WARN_UNGUARDED_AVAILABILITY = YES_AGGRESSIVE;
				CLANG_WARN_UNREACHABLE_CODE = YES;
				CLANG_WARN__DUPLICATE_METHOD_MATCH = YES;
				COPY_PHASE_STRIP = NO;
				DEBUG_INFORMATION_FORMAT = "dwarf-with-dsym";
				ENABLE_NS_ASSERTIONS = NO;
				ENABLE_STRICT_OBJC_MSGSEND = YES;
				GCC_C_LANGUAGE_STANDARD = gnu11;
				GCC_NO_COMMON_BLOCKS = YES;
				GCC_WARN_64_TO_32_BIT_CONVERSION = YES;
				GCC_WARN_ABOUT_RETURN_TYPE = YES_ERROR;
				GCC_WARN_UNDECLARED_SELECTOR = YES;
				GCC_WARN_UNINITIALIZED_AUTOS = YES_AGGRESSIVE;
				GCC_WARN_UNUSED_FUNCTION = YES;
				GCC_WARN_UNUSED_VARIABLE = YES;
				IPHONEOS_DEPLOYMENT_TARGET = 16.2;
				MTL_ENABLE_DEBUG_INFO = NO;
				MTL_FAST_MATH = YES;
				SDKROOT = iphoneos;
				SWIFT_COMPILATION_MODE = wholemodule;
				SWIFT_OPTIMIZATION_LEVEL = "-O";
				VALIDATE_PRODUCT = YES;
			};
			name = Release;
		};
		1503F94429B45561002F3D26 /* Debug */ = {
			isa = XCBuildConfiguration;
			buildSettings = {
				ASSETCATALOG_COMPILER_APPICON_NAME = AppIcon;
				ASSETCATALOG_COMPILER_GLOBAL_ACCENT_COLOR_NAME = AccentColor;
				CODE_SIGN_STYLE = Automatic;
				CURRENT_PROJECT_VERSION = 1;
				DEVELOPMENT_ASSET_PATHS = "\"Cookcode/Preview Content\"";
				DEVELOPMENT_TEAM = MAU8HFALP8;
				ENABLE_PREVIEWS = YES;
				GENERATE_INFOPLIST_FILE = YES;
				INFOPLIST_FILE = Cookcode/Info.plist;
				INFOPLIST_KEY_UIApplicationSceneManifest_Generation = YES;
				INFOPLIST_KEY_UIApplicationSupportsIndirectInputEvents = YES;
				INFOPLIST_KEY_UILaunchScreen_Generation = YES;
				INFOPLIST_KEY_UISupportedInterfaceOrientations_iPad = "UIInterfaceOrientationPortrait UIInterfaceOrientationPortraitUpsideDown UIInterfaceOrientationLandscapeLeft UIInterfaceOrientationLandscapeRight";
				INFOPLIST_KEY_UISupportedInterfaceOrientations_iPhone = "UIInterfaceOrientationPortrait UIInterfaceOrientationLandscapeLeft UIInterfaceOrientationLandscapeRight";
				LD_RUNPATH_SEARCH_PATHS = (
					"$(inherited)",
					"@executable_path/Frameworks",
				);
				MARKETING_VERSION = 1.0;
				PRODUCT_BUNDLE_IDENTIFIER = com.page.Cookcode;
				PRODUCT_NAME = "$(TARGET_NAME)";
				SWIFT_EMIT_LOC_STRINGS = YES;
				SWIFT_VERSION = 5.0;
				TARGETED_DEVICE_FAMILY = "1,2";
			};
			name = Debug;
		};
		1503F94529B45561002F3D26 /* Release */ = {
			isa = XCBuildConfiguration;
			buildSettings = {
				ASSETCATALOG_COMPILER_APPICON_NAME = AppIcon;
				ASSETCATALOG_COMPILER_GLOBAL_ACCENT_COLOR_NAME = AccentColor;
				CODE_SIGN_STYLE = Automatic;
				CURRENT_PROJECT_VERSION = 1;
				DEVELOPMENT_ASSET_PATHS = "\"Cookcode/Preview Content\"";
				DEVELOPMENT_TEAM = MAU8HFALP8;
				ENABLE_PREVIEWS = YES;
				GENERATE_INFOPLIST_FILE = YES;
				INFOPLIST_FILE = Cookcode/Info.plist;
				INFOPLIST_KEY_UIApplicationSceneManifest_Generation = YES;
				INFOPLIST_KEY_UIApplicationSupportsIndirectInputEvents = YES;
				INFOPLIST_KEY_UILaunchScreen_Generation = YES;
				INFOPLIST_KEY_UISupportedInterfaceOrientations_iPad = "UIInterfaceOrientationPortrait UIInterfaceOrientationPortraitUpsideDown UIInterfaceOrientationLandscapeLeft UIInterfaceOrientationLandscapeRight";
				INFOPLIST_KEY_UISupportedInterfaceOrientations_iPhone = "UIInterfaceOrientationPortrait UIInterfaceOrientationLandscapeLeft UIInterfaceOrientationLandscapeRight";
				LD_RUNPATH_SEARCH_PATHS = (
					"$(inherited)",
					"@executable_path/Frameworks",
				);
				MARKETING_VERSION = 1.0;
				PRODUCT_BUNDLE_IDENTIFIER = com.page.Cookcode;
				PRODUCT_NAME = "$(TARGET_NAME)";
				SWIFT_EMIT_LOC_STRINGS = YES;
				SWIFT_VERSION = 5.0;
				TARGETED_DEVICE_FAMILY = "1,2";
			};
			name = Release;
		};
		1503F94729B45561002F3D26 /* Debug */ = {
			isa = XCBuildConfiguration;
			buildSettings = {
				ALWAYS_EMBED_SWIFT_STANDARD_LIBRARIES = YES;
				BUNDLE_LOADER = "$(TEST_HOST)";
				CODE_SIGN_STYLE = Automatic;
				CURRENT_PROJECT_VERSION = 1;
				DEVELOPMENT_TEAM = MAU8HFALP8;
				GENERATE_INFOPLIST_FILE = YES;
				IPHONEOS_DEPLOYMENT_TARGET = 16.2;
				MARKETING_VERSION = 1.0;
				PRODUCT_BUNDLE_IDENTIFIER = com.page.CookcodeTests;
				PRODUCT_NAME = "$(TARGET_NAME)";
				SWIFT_EMIT_LOC_STRINGS = NO;
				SWIFT_VERSION = 5.0;
				TARGETED_DEVICE_FAMILY = "1,2";
				TEST_HOST = "$(BUILT_PRODUCTS_DIR)/Cookcode.app/$(BUNDLE_EXECUTABLE_FOLDER_PATH)/Cookcode";
			};
			name = Debug;
		};
		1503F94829B45561002F3D26 /* Release */ = {
			isa = XCBuildConfiguration;
			buildSettings = {
				ALWAYS_EMBED_SWIFT_STANDARD_LIBRARIES = YES;
				BUNDLE_LOADER = "$(TEST_HOST)";
				CODE_SIGN_STYLE = Automatic;
				CURRENT_PROJECT_VERSION = 1;
				DEVELOPMENT_TEAM = MAU8HFALP8;
				GENERATE_INFOPLIST_FILE = YES;
				IPHONEOS_DEPLOYMENT_TARGET = 16.2;
				MARKETING_VERSION = 1.0;
				PRODUCT_BUNDLE_IDENTIFIER = com.page.CookcodeTests;
				PRODUCT_NAME = "$(TARGET_NAME)";
				SWIFT_EMIT_LOC_STRINGS = NO;
				SWIFT_VERSION = 5.0;
				TARGETED_DEVICE_FAMILY = "1,2";
				TEST_HOST = "$(BUILT_PRODUCTS_DIR)/Cookcode.app/$(BUNDLE_EXECUTABLE_FOLDER_PATH)/Cookcode";
			};
			name = Release;
		};
		1503F94A29B45561002F3D26 /* Debug */ = {
			isa = XCBuildConfiguration;
			buildSettings = {
				ALWAYS_EMBED_SWIFT_STANDARD_LIBRARIES = YES;
				CODE_SIGN_STYLE = Automatic;
				CURRENT_PROJECT_VERSION = 1;
				DEVELOPMENT_TEAM = MAU8HFALP8;
				GENERATE_INFOPLIST_FILE = YES;
				MARKETING_VERSION = 1.0;
				PRODUCT_BUNDLE_IDENTIFIER = com.page.CookcodeUITests;
				PRODUCT_NAME = "$(TARGET_NAME)";
				SWIFT_EMIT_LOC_STRINGS = NO;
				SWIFT_VERSION = 5.0;
				TARGETED_DEVICE_FAMILY = "1,2";
				TEST_TARGET_NAME = Cookcode;
			};
			name = Debug;
		};
		1503F94B29B45561002F3D26 /* Release */ = {
			isa = XCBuildConfiguration;
			buildSettings = {
				ALWAYS_EMBED_SWIFT_STANDARD_LIBRARIES = YES;
				CODE_SIGN_STYLE = Automatic;
				CURRENT_PROJECT_VERSION = 1;
				DEVELOPMENT_TEAM = MAU8HFALP8;
				GENERATE_INFOPLIST_FILE = YES;
				MARKETING_VERSION = 1.0;
				PRODUCT_BUNDLE_IDENTIFIER = com.page.CookcodeUITests;
				PRODUCT_NAME = "$(TARGET_NAME)";
				SWIFT_EMIT_LOC_STRINGS = NO;
				SWIFT_VERSION = 5.0;
				TARGETED_DEVICE_FAMILY = "1,2";
				TEST_TARGET_NAME = Cookcode;
			};
			name = Release;
		};
/* End XCBuildConfiguration section */

/* Begin XCConfigurationList section */
		1503F91A29B45560002F3D26 /* Build configuration list for PBXProject "Cookcode" */ = {
			isa = XCConfigurationList;
			buildConfigurations = (
				1503F94129B45561002F3D26 /* Debug */,
				1503F94229B45561002F3D26 /* Release */,
			);
			defaultConfigurationIsVisible = 0;
			defaultConfigurationName = Release;
		};
		1503F94329B45561002F3D26 /* Build configuration list for PBXNativeTarget "Cookcode" */ = {
			isa = XCConfigurationList;
			buildConfigurations = (
				1503F94429B45561002F3D26 /* Debug */,
				1503F94529B45561002F3D26 /* Release */,
			);
			defaultConfigurationIsVisible = 0;
			defaultConfigurationName = Release;
		};
		1503F94629B45561002F3D26 /* Build configuration list for PBXNativeTarget "CookcodeTests" */ = {
			isa = XCConfigurationList;
			buildConfigurations = (
				1503F94729B45561002F3D26 /* Debug */,
				1503F94829B45561002F3D26 /* Release */,
			);
			defaultConfigurationIsVisible = 0;
			defaultConfigurationName = Release;
		};
		1503F94929B45561002F3D26 /* Build configuration list for PBXNativeTarget "CookcodeUITests" */ = {
			isa = XCConfigurationList;
			buildConfigurations = (
				1503F94A29B45561002F3D26 /* Debug */,
				1503F94B29B45561002F3D26 /* Release */,
			);
			defaultConfigurationIsVisible = 0;
			defaultConfigurationName = Release;
		};
/* End XCConfigurationList section */

/* Begin XCRemoteSwiftPackageReference section */
		159BE2AA29FB810200DE7448 /* XCRemoteSwiftPackageReference "SwiftUI-Introspect" */ = {
			isa = XCRemoteSwiftPackageReference;
			repositoryURL = "https://github.com/siteline/SwiftUI-Introspect.git";
			requirement = {
				kind = upToNextMajorVersion;
				minimumVersion = 0.2.3;
			};
		};
		159BE2B029FB87CC00DE7448 /* XCRemoteSwiftPackageReference "Kingfisher" */ = {
			isa = XCRemoteSwiftPackageReference;
			repositoryURL = "https://github.com/onevcat/Kingfisher.git";
			requirement = {
				kind = upToNextMajorVersion;
				minimumVersion = 7.0.0;
			};
		};
		15DAE25629FE3CCA00A4B00A /* XCRemoteSwiftPackageReference "observed-optional-object" */ = {
			isa = XCRemoteSwiftPackageReference;
			repositoryURL = "https://github.com/fourplusone/observed-optional-object.git";
			requirement = {
				branch = main;
				kind = branch;
			};
		};
		15F82A6829FA8D5F00DA9381 /* XCRemoteSwiftPackageReference "Alamofire" */ = {
			isa = XCRemoteSwiftPackageReference;
			repositoryURL = "https://github.com/Alamofire/Alamofire.git";
			requirement = {
				kind = upToNextMajorVersion;
				minimumVersion = 5.0.0;
			};
		};
/* End XCRemoteSwiftPackageReference section */

/* Begin XCSwiftPackageProductDependency section */
		159BE2AB29FB810200DE7448 /* Introspect */ = {
			isa = XCSwiftPackageProductDependency;
			package = 159BE2AA29FB810200DE7448 /* XCRemoteSwiftPackageReference "SwiftUI-Introspect" */;
			productName = Introspect;
		};
		159BE2B129FB87CD00DE7448 /* Kingfisher */ = {
			isa = XCSwiftPackageProductDependency;
			package = 159BE2B029FB87CC00DE7448 /* XCRemoteSwiftPackageReference "Kingfisher" */;
			productName = Kingfisher;
		};
		15DAE25729FE3CCA00A4B00A /* ObservedOptionalObject */ = {
			isa = XCSwiftPackageProductDependency;
			package = 15DAE25629FE3CCA00A4B00A /* XCRemoteSwiftPackageReference "observed-optional-object" */;
			productName = ObservedOptionalObject;
		};
		15F82A6929FA8D5F00DA9381 /* Alamofire */ = {
			isa = XCSwiftPackageProductDependency;
			package = 15F82A6829FA8D5F00DA9381 /* XCRemoteSwiftPackageReference "Alamofire" */;
			productName = Alamofire;
		};
/* End XCSwiftPackageProductDependency section */
	};
	rootObject = 1503F91729B45560002F3D26 /* Project object */;
}
